// !$*UTF8*$!
{
	archiveVersion = 1;
	classes = {
	};
	objectVersion = 56;
	objects = {

/* Begin PBXBuildFile section */
		044FD1762C6874CA00B0925C /* AppDelegate.swift in Sources */ = {isa = PBXBuildFile; fileRef = 044FD1752C6874CA00B0925C /* AppDelegate.swift */; };
		044FD1782C6874CA00B0925C /* SceneDelegate.swift in Sources */ = {isa = PBXBuildFile; fileRef = 044FD1772C6874CA00B0925C /* SceneDelegate.swift */; };
		044FD17A2C6874CA00B0925C /* ViewController.swift in Sources */ = {isa = PBXBuildFile; fileRef = 044FD1792C6874CA00B0925C /* ViewController.swift */; };
		044FD17D2C6874CA00B0925C /* Main.storyboard in Resources */ = {isa = PBXBuildFile; fileRef = 044FD17B2C6874CA00B0925C /* Main.storyboard */; };
		044FD17F2C6874CB00B0925C /* Assets.xcassets in Resources */ = {isa = PBXBuildFile; fileRef = 044FD17E2C6874CB00B0925C /* Assets.xcassets */; };
		044FD1822C6874CB00B0925C /* LaunchScreen.storyboard in Resources */ = {isa = PBXBuildFile; fileRef = 044FD1802C6874CB00B0925C /* LaunchScreen.storyboard */; };
		044FD18D2C6874CB00B0925C /* addwTests.swift in Sources */ = {isa = PBXBuildFile; fileRef = 044FD18C2C6874CB00B0925C /* addwTests.swift */; };
		044FD1972C6874CC00B0925C /* addwUITests.swift in Sources */ = {isa = PBXBuildFile; fileRef = 044FD1962C6874CC00B0925C /* addwUITests.swift */; };
		044FD1992C6874CC00B0925C /* addwUITestsLaunchTests.swift in Sources */ = {isa = PBXBuildFile; fileRef = 044FD1982C6874CC00B0925C /* addwUITestsLaunchTests.swift */; };
/* End PBXBuildFile section */

/* Begin PBXContainerItemProxy section */
		044FD1892C6874CB00B0925C /* PBXContainerItemProxy */ = {
			isa = PBXContainerItemProxy;
			containerPortal = 044FD16A2C6874C900B0925C /* Project object */;
			proxyType = 1;
			remoteGlobalIDString = 044FD1712C6874CA00B0925C;
			remoteInfo = addw;
		};
		044FD1932C6874CC00B0925C /* PBXContainerItemProxy */ = {
			isa = PBXContainerItemProxy;
			containerPortal = 044FD16A2C6874C900B0925C /* Project object */;
			proxyType = 1;
			remoteGlobalIDString = 044FD1712C6874CA00B0925C;
			remoteInfo = addw;
		};
/* End PBXContainerItemProxy section */

/* Begin PBXFileReference section */
		044FD1722C6874CA00B0925C /* addw.app */ = {isa = PBXFileReference; explicitFileType = wrapper.application; includeInIndex = 0; path = addw.app; sourceTree = BUILT_PRODUCTS_DIR; };
		044FD1752C6874CA00B0925C /* AppDelegate.swift */ = {isa = PBXFileReference; lastKnownFileType = sourcecode.swift; path = AppDelegate.swift; sourceTree = "<group>"; };
		044FD1772C6874CA00B0925C /* SceneDelegate.swift */ = {isa = PBXFileReference; lastKnownFileType = sourcecode.swift; path = SceneDelegate.swift; sourceTree = "<group>"; };
		044FD1792C6874CA00B0925C /* ViewController.swift */ = {isa = PBXFileReference; lastKnownFileType = sourcecode.swift; path = ViewController.swift; sourceTree = "<group>"; };
		044FD17C2C6874CA00B0925C /* Base */ = {isa = PBXFileReference; lastKnownFileType = file.storyboard; name = Base; path = Base.lproj/Main.storyboard; sourceTree = "<group>"; };
		044FD17E2C6874CB00B0925C /* Assets.xcassets */ = {isa = PBXFileReference; lastKnownFileType = folder.assetcatalog; path = Assets.xcassets; sourceTree = "<group>"; };
		044FD1812C6874CB00B0925C /* Base */ = {isa = PBXFileReference; lastKnownFileType = file.storyboard; name = Base; path = Base.lproj/LaunchScreen.storyboard; sourceTree = "<group>"; };
		044FD1832C6874CB00B0925C /* Info.plist */ = {isa = PBXFileReference; lastKnownFileType = text.plist.xml; path = Info.plist; sourceTree = "<group>"; };
		044FD1882C6874CB00B0925C /* addwTests.xctest */ = {isa = PBXFileReference; explicitFileType = wrapper.cfbundle; includeInIndex = 0; path = addwTests.xctest; sourceTree = BUILT_PRODUCTS_DIR; };
		044FD18C2C6874CB00B0925C /* addwTests.swift */ = {isa = PBXFileReference; lastKnownFileType = sourcecode.swift; path = addwTests.swift; sourceTree = "<group>"; };
		044FD1922C6874CC00B0925C /* addwUITests.xctest */ = {isa = PBXFileReference; explicitFileType = wrapper.cfbundle; includeInIndex = 0; path = addwUITests.xctest; sourceTree = BUILT_PRODUCTS_DIR; };
		044FD1962C6874CC00B0925C /* addwUITests.swift */ = {isa = PBXFileReference; lastKnownFileType = sourcecode.swift; path = addwUITests.swift; sourceTree = "<group>"; };
		044FD1982C6874CC00B0925C /* addwUITestsLaunchTests.swift */ = {isa = PBXFileReference; lastKnownFileType = sourcecode.swift; path = addwUITestsLaunchTests.swift; sourceTree = "<group>"; };
/* End PBXFileReference section */

/* Begin PBXFrameworksBuildPhase section */
		044FD16F2C6874CA00B0925C /* Frameworks */ = {
			isa = PBXFrameworksBuildPhase;
			buildActionMask = 2147483647;
			files = (
			);
			runOnlyForDeploymentPostprocessing = 0;
		};
		044FD1852C6874CB00B0925C /* Frameworks */ = {
			isa = PBXFrameworksBuildPhase;
			buildActionMask = 2147483647;
			files = (
			);
			runOnlyForDeploymentPostprocessing = 0;
		};
		044FD18F2C6874CC00B0925C /* Frameworks */ = {
			isa = PBXFrameworksBuildPhase;
			buildActionMask = 2147483647;
			files = (
			);
			runOnlyForDeploymentPostprocessing = 0;
		};
/* End PBXFrameworksBuildPhase section */

/* Begin PBXGroup section */
		044FD1692C6874C900B0925C = {
			isa = PBXGroup;
			children = (
				044FD1742C6874CA00B0925C /* addw */,
				044FD18B2C6874CB00B0925C /* addwTests */,
				044FD1952C6874CC00B0925C /* addwUITests */,
				044FD1732C6874CA00B0925C /* Products */,
			);
			sourceTree = "<group>";
		};
		044FD1732C6874CA00B0925C /* Products */ = {
			isa = PBXGroup;
			children = (
				044FD1722C6874CA00B0925C /* addw.app */,
				044FD1882C6874CB00B0925C /* addwTests.xctest */,
				044FD1922C6874CC00B0925C /* addwUITests.xctest */,
			);
			name = Products;
			sourceTree = "<group>";
		};
		044FD1742C6874CA00B0925C /* addw */ = {
			isa = PBXGroup;
			children = (
				044FD1752C6874CA00B0925C /* AppDelegate.swift */,
				044FD1772C6874CA00B0925C /* SceneDelegate.swift */,
				044FD1792C6874CA00B0925C /* ViewController.swift */,
				044FD17B2C6874CA00B0925C /* Main.storyboard */,
				044FD17E2C6874CB00B0925C /* Assets.xcassets */,
				044FD1802C6874CB00B0925C /* LaunchScreen.storyboard */,
				044FD1832C6874CB00B0925C /* Info.plist */,
			);
			path = addw;
			sourceTree = "<group>";
		};
		044FD18B2C6874CB00B0925C /* addwTests */ = {
			isa = PBXGroup;
			children = (
				044FD18C2C6874CB00B0925C /* addwTests.swift */,
			);
			path = addwTests;
			sourceTree = "<group>";
		};
		044FD1952C6874CC00B0925C /* addwUITests */ = {
			isa = PBXGroup;
			children = (
				044FD1962C6874CC00B0925C /* addwUITests.swift */,
				044FD1982C6874CC00B0925C /* addwUITestsLaunchTests.swift */,
			);
			path = addwUITests;
			sourceTree = "<group>";
		};
/* End PBXGroup section */

/* Begin PBXNativeTarget section */
		044FD1712C6874CA00B0925C /* addw */ = {
			isa = PBXNativeTarget;
			buildConfigurationList = 044FD19C2C6874CC00B0925C /* Build configuration list for PBXNativeTarget "addw" */;
			buildPhases = (
				044FD16E2C6874CA00B0925C /* Sources */,
				044FD16F2C6874CA00B0925C /* Frameworks */,
				044FD1702C6874CA00B0925C /* Resources */,
			);
			buildRules = (
			);
			dependencies = (
			);
			name = addw;
			productName = addw;
			productReference = 044FD1722C6874CA00B0925C /* addw.app */;
			productType = "com.apple.product-type.application";
		};
		044FD1872C6874CB00B0925C /* addwTests */ = {
			isa = PBXNativeTarget;
			buildConfigurationList = 044FD19F2C6874CC00B0925C /* Build configuration list for PBXNativeTarget "addwTests" */;
			buildPhases = (
				044FD1842C6874CB00B0925C /* Sources */,
				044FD1852C6874CB00B0925C /* Frameworks */,
				044FD1862C6874CB00B0925C /* Resources */,
			);
			buildRules = (
			);
			dependencies = (
				044FD18A2C6874CB00B0925C /* PBXTargetDependency */,
			);
			name = addwTests;
			productName = addwTests;
			productReference = 044FD1882C6874CB00B0925C /* addwTests.xctest */;
			productType = "com.apple.product-type.bundle.unit-test";
		};
		044FD1912C6874CC00B0925C /* addwUITests */ = {
			isa = PBXNativeTarget;
			buildConfigurationList = 044FD1A22C6874CC00B0925C /* Build configuration list for PBXNativeTarget "addwUITests" */;
			buildPhases = (
				044FD18E2C6874CC00B0925C /* Sources */,
				044FD18F2C6874CC00B0925C /* Frameworks */,
				044FD1902C6874CC00B0925C /* Resources */,
			);
			buildRules = (
			);
			dependencies = (
				044FD1942C6874CC00B0925C /* PBXTargetDependency */,
			);
			name = addwUITests;
			productName = addwUITests;
			productReference = 044FD1922C6874CC00B0925C /* addwUITests.xctest */;
			productType = "com.apple.product-type.bundle.ui-testing";
		};
/* End PBXNativeTarget section */

/* Begin PBXProject section */
		044FD16A2C6874C900B0925C /* Project object */ = {
			isa = PBXProject;
			attributes = {
				BuildIndependentTargetsInParallel = 1;
				LastSwiftUpdateCheck = 1500;
				LastUpgradeCheck = 1500;
				TargetAttributes = {
					044FD1712C6874CA00B0925C = {
						CreatedOnToolsVersion = 15.0.1;
					};
					044FD1872C6874CB00B0925C = {
						CreatedOnToolsVersion = 15.0.1;
						TestTargetID = 044FD1712C6874CA00B0925C;
					};
					044FD1912C6874CC00B0925C = {
						CreatedOnToolsVersion = 15.0.1;
						TestTargetID = 044FD1712C6874CA00B0925C;
					};
				};
			};
			buildConfigurationList = 044FD16D2C6874C900B0925C /* Build configuration list for PBXProject "addw" */;
			compatibilityVersion = "Xcode 14.0";
			developmentRegion = en;
			hasScannedForEncodings = 0;
			knownRegions = (
				en,
				Base,
			);
			mainGroup = 044FD1692C6874C900B0925C;
			productRefGroup = 044FD1732C6874CA00B0925C /* Products */;
			projectDirPath = "";
			projectRoot = "";
			targets = (
				044FD1712C6874CA00B0925C /* addw */,
				044FD1872C6874CB00B0925C /* addwTests */,
				044FD1912C6874CC00B0925C /* addwUITests */,
			);
		};
/* End PBXProject section */

/* Begin PBXResourcesBuildPhase section */
		044FD1702C6874CA00B0925C /* Resources */ = {
			isa = PBXResourcesBuildPhase;
			buildActionMask = 2147483647;
			files = (
				044FD1822C6874CB00B0925C /* LaunchScreen.storyboard in Resources */,
				044FD17F2C6874CB00B0925C /* Assets.xcassets in Resources */,
				044FD17D2C6874CA00B0925C /* Main.storyboard in Resources */,
			);
			runOnlyForDeploymentPostprocessing = 0;
		};
		044FD1862C6874CB00B0925C /* Resources */ = {
			isa = PBXResourcesBuildPhase;
			buildActionMask = 2147483647;
			files = (
			);
			runOnlyForDeploymentPostprocessing = 0;
		};
		044FD1902C6874CC00B0925C /* Resources */ = {
			isa = PBXResourcesBuildPhase;
			buildActionMask = 2147483647;
			files = (
			);
			runOnlyForDeploymentPostprocessing = 0;
		};
/* End PBXResourcesBuildPhase section */

/* Begin PBXSourcesBuildPhase section */
		044FD16E2C6874CA00B0925C /* Sources */ = {
			isa = PBXSourcesBuildPhase;
			buildActionMask = 2147483647;
			files = (
				044FD17A2C6874CA00B0925C /* ViewController.swift in Sources */,
				044FD1762C6874CA00B0925C /* AppDelegate.swift in Sources */,
				044FD1782C6874CA00B0925C /* SceneDelegate.swift in Sources */,
			);
			runOnlyForDeploymentPostprocessing = 0;
		};
		044FD1842C6874CB00B0925C /* Sources */ = {
			isa = PBXSourcesBuildPhase;
			buildActionMask = 2147483647;
			files = (
				044FD18D2C6874CB00B0925C /* addwTests.swift in Sources */,
			);
			runOnlyForDeploymentPostprocessing = 0;
		};
		044FD18E2C6874CC00B0925C /* Sources */ = {
			isa = PBXSourcesBuildPhase;
			buildActionMask = 2147483647;
			files = (
				044FD1992C6874CC00B0925C /* addwUITestsLaunchTests.swift in Sources */,
				044FD1972C6874CC00B0925C /* addwUITests.swift in Sources */,
			);
			runOnlyForDeploymentPostprocessing = 0;
		};
/* End PBXSourcesBuildPhase section */

/* Begin PBXTargetDependency section */
		044FD18A2C6874CB00B0925C /* PBXTargetDependency */ = {
			isa = PBXTargetDependency;
			target = 044FD1712C6874CA00B0925C /* addw */;
			targetProxy = 044FD1892C6874CB00B0925C /* PBXContainerItemProxy */;
		};
		044FD1942C6874CC00B0925C /* PBXTargetDependency */ = {
			isa = PBXTargetDependency;
			target = 044FD1712C6874CA00B0925C /* addw */;
			targetProxy = 044FD1932C6874CC00B0925C /* PBXContainerItemProxy */;
		};
/* End PBXTargetDependency section */

/* Begin PBXVariantGroup section */
		044FD17B2C6874CA00B0925C /* Main.storyboard */ = {
			isa = PBXVariantGroup;
			children = (
				044FD17C2C6874CA00B0925C /* Base */,
			);
			name = Main.storyboard;
			sourceTree = "<group>";
		};
		044FD1802C6874CB00B0925C /* LaunchScreen.storyboard */ = {
			isa = PBXVariantGroup;
			children = (
				044FD1812C6874CB00B0925C /* Base */,
			);
			name = LaunchScreen.storyboard;
			sourceTree = "<group>";
		};
/* End PBXVariantGroup section */

/* Begin XCBuildConfiguration section */
		044FD19A2C6874CC00B0925C /* Debug */ = {
			isa = XCBuildConfiguration;
			buildSettings = {
				ALWAYS_SEARCH_USER_PATHS = NO;
				ASSETCATALOG_COMPILER_GENERATE_SWIFT_ASSET_SYMBOL_EXTENSIONS = YES;
				CLANG_ANALYZER_NONNULL = YES;
				CLANG_ANALYZER_NUMBER_OBJECT_CONVERSION = YES_AGGRESSIVE;
				CLANG_CXX_LANGUAGE_STANDARD = "gnu++20";
				CLANG_ENABLE_MODULES = YES;
				CLANG_ENABLE_OBJC_ARC = YES;
				CLANG_ENABLE_OBJC_WEAK = YES;
				CLANG_WARN_BLOCK_CAPTURE_AUTORELEASING = YES;
				CLANG_WARN_BOOL_CONVERSION = YES;
				CLANG_WARN_COMMA = YES;
				CLANG_WARN_CONSTANT_CONVERSION = YES;
				CLANG_WARN_DEPRECATED_OBJC_IMPLEMENTATIONS = YES;
				CLANG_WARN_DIRECT_OBJC_ISA_USAGE = YES_ERROR;
				CLANG_WARN_DOCUMENTATION_COMMENTS = YES;
				CLANG_WARN_EMPTY_BODY = YES;
				CLANG_WARN_ENUM_CONVERSION = YES;
				CLANG_WARN_INFINITE_RECURSION = YES;
				CLANG_WARN_INT_CONVERSION = YES;
				CLANG_WARN_NON_LITERAL_NULL_CONVERSION = YES;
				CLANG_WARN_OBJC_IMPLICIT_RETAIN_SELF = YES;
				CLANG_WARN_OBJC_LITERAL_CONVERSION = YES;
				CLANG_WARN_OBJC_ROOT_CLASS = YES_ERROR;
				CLANG_WARN_QUOTED_INCLUDE_IN_FRAMEWORK_HEADER = YES;
				CLANG_WARN_RANGE_LOOP_ANALYSIS = YES;
				CLANG_WARN_STRICT_PROTOTYPES = YES;
				CLANG_WARN_SUSPICIOUS_MOVE = YES;
				CLANG_WARN_UNGUARDED_AVAILABILITY = YES_AGGRESSIVE;
				CLANG_WARN_UNREACHABLE_CODE = YES;
				CLANG_WARN__DUPLICATE_METHOD_MATCH = YES;
				COPY_PHASE_STRIP = NO;
				DEBUG_INFORMATION_FORMAT = dwarf;
				ENABLE_STRICT_OBJC_MSGSEND = YES;
				ENABLE_TESTABILITY = YES;
				ENABLE_USER_SCRIPT_SANDBOXING = YES;
				GCC_C_LANGUAGE_STANDARD = gnu17;
				GCC_DYNAMIC_NO_PIC = NO;
				GCC_NO_COMMON_BLOCKS = YES;
				GCC_OPTIMIZATION_LEVEL = 0;
				GCC_PREPROCESSOR_DEFINITIONS = (
					"DEBUG=1",
					"$(inherited)",
				);
				GCC_WARN_64_TO_32_BIT_CONVERSION = YES;
				GCC_WARN_ABOUT_RETURN_TYPE = YES_ERROR;
				GCC_WARN_UNDECLARED_SELECTOR = YES;
				GCC_WARN_UNINITIALIZED_AUTOS = YES_AGGRESSIVE;
				GCC_WARN_UNUSED_FUNCTION = YES;
				GCC_WARN_UNUSED_VARIABLE = YES;
				IPHONEOS_DEPLOYMENT_TARGET = 17.0;
				LOCALIZATION_PREFERS_STRING_CATALOGS = YES;
				MTL_ENABLE_DEBUG_INFO = INCLUDE_SOURCE;
				MTL_FAST_MATH = YES;
				ONLY_ACTIVE_ARCH = YES;
				SDKROOT = iphoneos;
				SWIFT_ACTIVE_COMPILATION_CONDITIONS = "DEBUG $(inherited)";
				SWIFT_OPTIMIZATION_LEVEL = "-Onone";
			};
			name = Debug;
		};
		044FD19B2C6874CC00B0925C /* Release */ = {
			isa = XCBuildConfiguration;
			buildSettings = {
				ALWAYS_SEARCH_USER_PATHS = NO;
				ASSETCATALOG_COMPILER_GENERATE_SWIFT_ASSET_SYMBOL_EXTENSIONS = YES;
				CLANG_ANALYZER_NONNULL = YES;
				CLANG_ANALYZER_NUMBER_OBJECT_CONVERSION = YES_AGGRESSIVE;
				CLANG_CXX_LANGUAGE_STANDARD = "gnu++20";
				CLANG_ENABLE_MODULES = YES;
				CLANG_ENABLE_OBJC_ARC = YES;
				CLANG_ENABLE_OBJC_WEAK = YES;
				CLANG_WARN_BLOCK_CAPTURE_AUTORELEASING = YES;
				CLANG_WARN_BOOL_CONVERSION = YES;
				CLANG_WARN_COMMA = YES;
				CLANG_WARN_CONSTANT_CONVERSION = YES;
				CLANG_WARN_DEPRECATED_OBJC_IMPLEMENTATIONS = YES;
				CLANG_WARN_DIRECT_OBJC_ISA_USAGE = YES_ERROR;
				CLANG_WARN_DOCUMENTATION_COMMENTS = YES;
				CLANG_WARN_EMPTY_BODY = YES;
				CLANG_WARN_ENUM_CONVERSION = YES;
				CLANG_WARN_INFINITE_RECURSION = YES;
				CLANG_WARN_INT_CONVERSION = YES;
				CLANG_WARN_NON_LITERAL_NULL_CONVERSION = YES;
				CLANG_WARN_OBJC_IMPLICIT_RETAIN_SELF = YES;
				CLANG_WARN_OBJC_LITERAL_CONVERSION = YES;
				CLANG_WARN_OBJC_ROOT_CLASS = YES_ERROR;
				CLANG_WARN_QUOTED_INCLUDE_IN_FRAMEWORK_HEADER = YES;
				CLANG_WARN_RANGE_LOOP_ANALYSIS = YES;
				CLANG_WARN_STRICT_PROTOTYPES = YES;
				CLANG_WARN_SUSPICIOUS_MOVE = YES;
				CLANG_WARN_UNGUARDED_AVAILABILITY = YES_AGGRESSIVE;
				CLANG_WARN_UNREACHABLE_CODE = YES;
				CLANG_WARN__DUPLICATE_METHOD_MATCH = YES;
				COPY_PHASE_STRIP = NO;
				DEBUG_INFORMATION_FORMAT = "dwarf-with-dsym";
				ENABLE_NS_ASSERTIONS = NO;
				ENABLE_STRICT_OBJC_MSGSEND = YES;
				ENABLE_USER_SCRIPT_SANDBOXING = YES;
				GCC_C_LANGUAGE_STANDARD = gnu17;
				GCC_NO_COMMON_BLOCKS = YES;
				GCC_WARN_64_TO_32_BIT_CONVERSION = YES;
				GCC_WARN_ABOUT_RETURN_TYPE = YES_ERROR;
				GCC_WARN_UNDECLARED_SELECTOR = YES;
				GCC_WARN_UNINITIALIZED_AUTOS = YES_AGGRESSIVE;
				GCC_WARN_UNUSED_FUNCTION = YES;
				GCC_WARN_UNUSED_VARIABLE = YES;
				IPHONEOS_DEPLOYMENT_TARGET = 17.0;
				LOCALIZATION_PREFERS_STRING_CATALOGS = YES;
				MTL_ENABLE_DEBUG_INFO = NO;
				MTL_FAST_MATH = YES;
				SDKROOT = iphoneos;
				SWIFT_COMPILATION_MODE = wholemodule;
				VALIDATE_PRODUCT = YES;
			};
			name = Release;
		};
		044FD19D2C6874CC00B0925C /* Debug */ = {
			isa = XCBuildConfiguration;
			buildSettings = {
				ASSETCATALOG_COMPILER_APPICON_NAME = AppIcon;
				ASSETCATALOG_COMPILER_GLOBAL_ACCENT_COLOR_NAME = AccentColor;
				CODE_SIGN_STYLE = Automatic;
				CURRENT_PROJECT_VERSION = 1;
				GENERATE_INFOPLIST_FILE = YES;
				INFOPLIST_FILE = addw/Info.plist;
				INFOPLIST_KEY_UIApplicationSupportsIndirectInputEvents = YES;
				INFOPLIST_KEY_UILaunchStoryboardName = LaunchScreen;
				INFOPLIST_KEY_UIMainStoryboardFile = Main;
				INFOPLIST_KEY_UISupportedInterfaceOrientations_iPad = "UIInterfaceOrientationPortrait UIInterfaceOrientationPortraitUpsideDown UIInterfaceOrientationLandscapeLeft UIInterfaceOrientationLandscapeRight";
				INFOPLIST_KEY_UISupportedInterfaceOrientations_iPhone = "UIInterfaceOrientationPortrait UIInterfaceOrientationLandscapeLeft UIInterfaceOrientationLandscapeRight";
				LD_RUNPATH_SEARCH_PATHS = (
					"$(inherited)",
					"@executable_path/Frameworks",
				);
				MARKETING_VERSION = 1.0;
				PRODUCT_BUNDLE_IDENTIFIER = com.makexyz.addw;
				PRODUCT_NAME = "$(TARGET_NAME)";
				SWIFT_EMIT_LOC_STRINGS = YES;
				SWIFT_VERSION = 5.0;
				TARGETED_DEVICE_FAMILY = "1,2";
			};
			name = Debug;
		};
		044FD19E2C6874CC00B0925C /* Release */ = {
			isa = XCBuildConfiguration;
			buildSettings = {
				ASSETCATALOG_COMPILER_APPICON_NAME = AppIcon;
				ASSETCATALOG_COMPILER_GLOBAL_ACCENT_COLOR_NAME = AccentColor;
				CODE_SIGN_STYLE = Automatic;
				CURRENT_PROJECT_VERSION = 1;
				GENERATE_INFOPLIST_FILE = YES;
				INFOPLIST_FILE = addw/Info.plist;
				INFOPLIST_KEY_UIApplicationSupportsIndirectInputEvents = YES;
				INFOPLIST_KEY_UILaunchStoryboardName = LaunchScreen;
				INFOPLIST_KEY_UIMainStoryboardFile = Main;
				INFOPLIST_KEY_UISupportedInterfaceOrientations_iPad = "UIInterfaceOrientationPortrait UIInterfaceOrientationPortraitUpsideDown UIInterfaceOrientationLandscapeLeft UIInterfaceOrientationLandscapeRight";
				INFOPLIST_KEY_UISupportedInterfaceOrientations_iPhone = "UIInterfaceOrientationPortrait UIInterfaceOrientationLandscapeLeft UIInterfaceOrientationLandscapeRight";
				LD_RUNPATH_SEARCH_PATHS = (
					"$(inherited)",
					"@executable_path/Frameworks",
				);
				MARKETING_VERSION = 1.0;
				PRODUCT_BUNDLE_IDENTIFIER = com.makexyz.addw;
				PRODUCT_NAME = "$(TARGET_NAME)";
				SWIFT_EMIT_LOC_STRINGS = YES;
				SWIFT_VERSION = 5.0;
				TARGETED_DEVICE_FAMILY = "1,2";
			};
			name = Release;
		};
		044FD1A02C6874CC00B0925C /* Debug */ = {
			isa = XCBuildConfiguration;
			buildSettings = {
				ALWAYS_EMBED_SWIFT_STANDARD_LIBRARIES = YES;
				BUNDLE_LOADER = "$(TEST_HOST)";
				CODE_SIGN_STYLE = Automatic;
				CURRENT_PROJECT_VERSION = 1;
				GENERATE_INFOPLIST_FILE = YES;
				IPHONEOS_DEPLOYMENT_TARGET = 17.0;
				MARKETING_VERSION = 1.0;
				PRODUCT_BUNDLE_IDENTIFIER = com.makexyz.addwTests;
				PRODUCT_NAME = "$(TARGET_NAME)";
				SWIFT_EMIT_LOC_STRINGS = NO;
				SWIFT_VERSION = 5.0;
				TARGETED_DEVICE_FAMILY = "1,2";
				TEST_HOST = "$(BUILT_PRODUCTS_DIR)/addw.app/$(BUNDLE_EXECUTABLE_FOLDER_PATH)/addw";
			};
			name = Debug;
		};
		044FD1A12C6874CC00B0925C /* Release */ = {
			isa = XCBuildConfiguration;
			buildSettings = {
				ALWAYS_EMBED_SWIFT_STANDARD_LIBRARIES = YES;
				BUNDLE_LOADER = "$(TEST_HOST)";
				CODE_SIGN_STYLE = Automatic;
				CURRENT_PROJECT_VERSION = 1;
				GENERATE_INFOPLIST_FILE = YES;
				IPHONEOS_DEPLOYMENT_TARGET = 17.0;
				MARKETING_VERSION = 1.0;
				PRODUCT_BUNDLE_IDENTIFIER = com.makexyz.addwTests;
				PRODUCT_NAME = "$(TARGET_NAME)";
				SWIFT_EMIT_LOC_STRINGS = NO;
				SWIFT_VERSION = 5.0;
				TARGETED_DEVICE_FAMILY = "1,2";
				TEST_HOST = "$(BUILT_PRODUCTS_DIR)/addw.app/$(BUNDLE_EXECUTABLE_FOLDER_PATH)/addw";
			};
			name = Release;
		};
		044FD1A32C6874CC00B0925C /* Debug */ = {
			isa = XCBuildConfiguration;
			buildSettings = {
				ALWAYS_EMBED_SWIFT_STANDARD_LIBRARIES = YES;
				CODE_SIGN_STYLE = Automatic;
				CURRENT_PROJECT_VERSION = 1;
				GENERATE_INFOPLIST_FILE = YES;
				MARKETING_VERSION = 1.0;
				PRODUCT_BUNDLE_IDENTIFIER = com.makexyz.addwUITests;
				PRODUCT_NAME = "$(TARGET_NAME)";
				SWIFT_EMIT_LOC_STRINGS = NO;
				SWIFT_VERSION = 5.0;
				TARGETED_DEVICE_FAMILY = "1,2";
				TEST_TARGET_NAME = addw;
			};
			name = Debug;
		};
		044FD1A42C6874CC00B0925C /* Release */ = {
			isa = XCBuildConfiguration;
			buildSettings = {
				ALWAYS_EMBED_SWIFT_STANDARD_LIBRARIES = YES;
				CODE_SIGN_STYLE = Automatic;
				CURRENT_PROJECT_VERSION = 1;
				GENERATE_INFOPLIST_FILE = YES;
				MARKETING_VERSION = 1.0;
				PRODUCT_BUNDLE_IDENTIFIER = com.makexyz.addwUITests;
				PRODUCT_NAME = "$(TARGET_NAME)";
				SWIFT_EMIT_LOC_STRINGS = NO;
				SWIFT_VERSION = 5.0;
				TARGETED_DEVICE_FAMILY = "1,2";
				TEST_TARGET_NAME = addw;
			};
			name = Release;
		};
/* End XCBuildConfiguration section */

/* Begin XCConfigurationList section */
		044FD16D2C6874C900B0925C /* Build configuration list for PBXProject "addw" */ = {
			isa = XCConfigurationList;
			buildConfigurations = (
				044FD19A2C6874CC00B0925C /* Debug */,
				044FD19B2C6874CC00B0925C /* Release */,
			);
			defaultConfigurationIsVisible = 0;
			defaultConfigurationName = Release;
		};
		044FD19C2C6874CC00B0925C /* Build configuration list for PBXNativeTarget "addw" */ = {
			isa = XCConfigurationList;
			buildConfigurations = (
				044FD19D2C6874CC00B0925C /* Debug */,
				044FD19E2C6874CC00B0925C /* Release */,
			);
			defaultConfigurationIsVisible = 0;
			defaultConfigurationName = Release;
		};
		044FD19F2C6874CC00B0925C /* Build configuration list for PBXNativeTarget "addwTests" */ = {
			isa = XCConfigurationList;
			buildConfigurations = (
				044FD1A02C6874CC00B0925C /* Debug */,
				044FD1A12C6874CC00B0925C /* Release */,
			);
			defaultConfigurationIsVisible = 0;
			defaultConfigurationName = Release;
		};
		044FD1A22C6874CC00B0925C /* Build configuration list for PBXNativeTarget "addwUITests" */ = {
			isa = XCConfigurationList;
			buildConfigurations = (
				044FD1A32C6874CC00B0925C /* Debug */,
				044FD1A42C6874CC00B0925C /* Release */,
			);
			defaultConfigurationIsVisible = 0;
			defaultConfigurationName = Release;
		};
/* End XCConfigurationList section */
	};
	rootObject = 044FD16A2C6874C900B0925C /* Project object */;
}
